{
  "name": "yardenla.github.io",
  "lockfileVersion": 3,
  "requires": true,
  "packages": {
    "": {
      "dependencies": {
        "html5-qrcode": "^2.3.6"
      }
    },
    "node_modules/html5-qrcode": {
      "version": "2.3.6",
      "resolved": "https://registry.npmjs.org/html5-qrcode/-/html5-qrcode-2.3.6.tgz",
      "integrity": "sha512-yuCJUFzm04xGPM2a40XYPptpioV6K5uJA3Ogy0Xi/a7tAYrcD7T4ZCsbg0T1H2qX/143SZfDG1EINnNFh5rH0A=="
    }
  }
}
